
Microsoft Visual Studio Solution File, Format Version 12.00
# Visual Studio 15
VisualStudioVersion = 15.0.27130.2036
MinimumVisualStudioVersion = 10.0.40219.1
Project("{8BC9CEB8-8B4A-11D0-8D11-00A0C91BC942}") = "PP01.HelloSDL", "PP01.HelloSDL\PP01.HelloSDL.vcxproj", "{87B4F451-ADA8-4867-8A68-C171FB76D325}"
EndProject
Project("{8BC9CEB8-8B4A-11D0-8D11-00A0C91BC942}") = "PP02.BreakUpHelloSDL", "PP02.BreakUpHelloSDL\PP02.BreakUpHelloSDL.vcxproj", "{DE27755E-EE10-41E0-8A04-AF9AF27C7838}"
EndProject
Project("{8BC9CEB8-8B4A-11D0-8D11-00A0C91BC942}") = "PP03.GameClass", "PP03.GameClass\PP03.GameClass.vcxproj", "{6D503118-53C3-4A57-9017-74BFCCC8F3DA}"
EndProject
Project("{8BC9CEB8-8B4A-11D0-8D11-00A0C91BC942}") = "PP04.BasicDrawing", "PP04.BasicDrawing\PP04.BasicDrawing.vcxproj", "{465D41D2-2C34-4027-9D3C-5CF3C5253C72}"
EndProject
Project("{8BC9CEB8-8B4A-11D0-8D11-00A0C91BC942}") = "PP05.AnimatingSprite", "PP05.AnimatingSprite\PP05.AnimatingSprite.vcxproj", "{14F81C67-8115-4C18-AC1D-1F947DB012F6}"
EndProject
Project("{8BC9CEB8-8B4A-11D0-8D11-00A0C91BC942}") = "PP06.ImageSprite", "PP06.ImageSprite\PP06.ImageSprite.vcxproj", "{27C64326-7D23-4E8A-8C5D-899EC93CD7A4}"
EndProject
Project("{8BC9CEB8-8B4A-11D0-8D11-00A0C91BC942}") = "PP07.TextureManager", "PP07.TextureManager\PP07.TextureManager.vcxproj", "{7AC12CD2-FFF3-4722-B624-546E57954397}"
EndProject
Project("{8BC9CEB8-8B4A-11D0-8D11-00A0C91BC942}") = "PP08.SingletonTM", "PP08.SingletonTM\PP08.SingletonTM.vcxproj", "{69356443-D362-4978-902F-C245A743A7EC}"
EndProject
Project("{8BC9CEB8-8B4A-11D0-8D11-00A0C91BC942}") = "PP09.Inheritance", "PP09.Inheritance\PP09.Inheritance.vcxproj", "{E7BCB06A-DD20-479D-849A-BEE670BBE9D4}"
EndProject
Project("{8BC9CEB8-8B4A-11D0-8D11-00A0C91BC942}") = "PP10.Polymorphism", "PP10.Polymorphism\PP10.Polymorphism.vcxproj", "{DBF9431D-A740-4A59-8971-60C5B8E7AB8A}"
EndProject
Project("{8BC9CEB8-8B4A-11D0-8D11-00A0C91BC942}") = "PP11.AbstractClass", "PP11.AbstractClass\PP11.AbstractClass.vcxproj", "{DB3106A6-2DC6-4266-AC71-12BA5F595811}"
EndProject
Project("{8BC9CEB8-8B4A-11D0-8D11-00A0C91BC942}") = "PP12.Vector2D", "PP12.Vector2D\PP12.Vector2D.vcxproj", "{45492E00-4578-47A1-804E-D6860D34789C}"
EndProject
Global
	GlobalSection(SolutionConfigurationPlatforms) = preSolution
		Debug|x64 = Debug|x64
		Debug|x86 = Debug|x86
		Release|x64 = Release|x64
		Release|x86 = Release|x86
	EndGlobalSection
	GlobalSection(ProjectConfigurationPlatforms) = postSolution
		{87B4F451-ADA8-4867-8A68-C171FB76D325}.Debug|x64.ActiveCfg = Debug|x64
		{87B4F451-ADA8-4867-8A68-C171FB76D325}.Debug|x64.Build.0 = Debug|x64
		{87B4F451-ADA8-4867-8A68-C171FB76D325}.Debug|x86.ActiveCfg = Debug|Win32
		{87B4F451-ADA8-4867-8A68-C171FB76D325}.Debug|x86.Build.0 = Debug|Win32
		{87B4F451-ADA8-4867-8A68-C171FB76D325}.Release|x64.ActiveCfg = Release|x64
		{87B4F451-ADA8-4867-8A68-C171FB76D325}.Release|x64.Build.0 = Release|x64
		{87B4F451-ADA8-4867-8A68-C171FB76D325}.Release|x86.ActiveCfg = Release|Win32
		{87B4F451-ADA8-4867-8A68-C171FB76D325}.Release|x86.Build.0 = Release|Win32
		{DE27755E-EE10-41E0-8A04-AF9AF27C7838}.Debug|x64.ActiveCfg = Debug|x64
		{DE27755E-EE10-41E0-8A04-AF9AF27C7838}.Debug|x64.Build.0 = Debug|x64
		{DE27755E-EE10-41E0-8A04-AF9AF27C7838}.Debug|x86.ActiveCfg = Debug|Win32
		{DE27755E-EE10-41E0-8A04-AF9AF27C7838}.Debug|x86.Build.0 = Debug|Win32
		{DE27755E-EE10-41E0-8A04-AF9AF27C7838}.Release|x64.ActiveCfg = Release|x64
		{DE27755E-EE10-41E0-8A04-AF9AF27C7838}.Release|x64.Build.0 = Release|x64
		{DE27755E-EE10-41E0-8A04-AF9AF27C7838}.Release|x86.ActiveCfg = Release|Win32
		{DE27755E-EE10-41E0-8A04-AF9AF27C7838}.Release|x86.Build.0 = Release|Win32
		{6D503118-53C3-4A57-9017-74BFCCC8F3DA}.Debug|x64.ActiveCfg = Debug|x64
		{6D503118-53C3-4A57-9017-74BFCCC8F3DA}.Debug|x64.Build.0 = Debug|x64
		{6D503118-53C3-4A57-9017-74BFCCC8F3DA}.Debug|x86.ActiveCfg = Debug|Win32
		{6D503118-53C3-4A57-9017-74BFCCC8F3DA}.Debug|x86.Build.0 = Debug|Win32
		{6D503118-53C3-4A57-9017-74BFCCC8F3DA}.Release|x64.ActiveCfg = Release|x64
		{6D503118-53C3-4A57-9017-74BFCCC8F3DA}.Release|x64.Build.0 = Release|x64
		{6D503118-53C3-4A57-9017-74BFCCC8F3DA}.Release|x86.ActiveCfg = Release|Win32
		{6D503118-53C3-4A57-9017-74BFCCC8F3DA}.Release|x86.Build.0 = Release|Win32
		{465D41D2-2C34-4027-9D3C-5CF3C5253C72}.Debug|x64.ActiveCfg = Debug|x64
		{465D41D2-2C34-4027-9D3C-5CF3C5253C72}.Debug|x64.Build.0 = Debug|x64
		{465D41D2-2C34-4027-9D3C-5CF3C5253C72}.Debug|x86.ActiveCfg = Debug|Win32
		{465D41D2-2C34-4027-9D3C-5CF3C5253C72}.Debug|x86.Build.0 = Debug|Win32
		{465D41D2-2C34-4027-9D3C-5CF3C5253C72}.Release|x64.ActiveCfg = Release|x64
		{465D41D2-2C34-4027-9D3C-5CF3C5253C72}.Release|x64.Build.0 = Release|x64
		{465D41D2-2C34-4027-9D3C-5CF3C5253C72}.Release|x86.ActiveCfg = Release|Win32
		{465D41D2-2C34-4027-9D3C-5CF3C5253C72}.Release|x86.Build.0 = Release|Win32
		{14F81C67-8115-4C18-AC1D-1F947DB012F6}.Debug|x64.ActiveCfg = Debug|x64
		{14F81C67-8115-4C18-AC1D-1F947DB012F6}.Debug|x64.Build.0 = Debug|x64
		{14F81C67-8115-4C18-AC1D-1F947DB012F6}.Debug|x86.ActiveCfg = Debug|Win32
		{14F81C67-8115-4C18-AC1D-1F947DB012F6}.Debug|x86.Build.0 = Debug|Win32
		{14F81C67-8115-4C18-AC1D-1F947DB012F6}.Release|x64.ActiveCfg = Release|x64
		{14F81C67-8115-4C18-AC1D-1F947DB012F6}.Release|x64.Build.0 = Release|x64
		{14F81C67-8115-4C18-AC1D-1F947DB012F6}.Release|x86.ActiveCfg = Release|Win32
		{14F81C67-8115-4C18-AC1D-1F947DB012F6}.Release|x86.Build.0 = Release|Win32
		{27C64326-7D23-4E8A-8C5D-899EC93CD7A4}.Debug|x64.ActiveCfg = Debug|x64
		{27C64326-7D23-4E8A-8C5D-899EC93CD7A4}.Debug|x64.Build.0 = Debug|x64
		{27C64326-7D23-4E8A-8C5D-899EC93CD7A4}.Debug|x86.ActiveCfg = Debug|Win32
		{27C64326-7D23-4E8A-8C5D-899EC93CD7A4}.Debug|x86.Build.0 = Debug|Win32
		{27C64326-7D23-4E8A-8C5D-899EC93CD7A4}.Release|x64.ActiveCfg = Release|x64
		{27C64326-7D23-4E8A-8C5D-899EC93CD7A4}.Release|x64.Build.0 = Release|x64
		{27C64326-7D23-4E8A-8C5D-899EC93CD7A4}.Release|x86.ActiveCfg = Release|Win32
		{27C64326-7D23-4E8A-8C5D-899EC93CD7A4}.Release|x86.Build.0 = Release|Win32
		{7AC12CD2-FFF3-4722-B624-546E57954397}.Debug|x64.ActiveCfg = Debug|x64
		{7AC12CD2-FFF3-4722-B624-546E57954397}.Debug|x64.Build.0 = Debug|x64
		{7AC12CD2-FFF3-4722-B624-546E57954397}.Debug|x86.ActiveCfg = Debug|Win32
		{7AC12CD2-FFF3-4722-B624-546E57954397}.Debug|x86.Build.0 = Debug|Win32
		{7AC12CD2-FFF3-4722-B624-546E57954397}.Release|x64.ActiveCfg = Release|x64
		{7AC12CD2-FFF3-4722-B624-546E57954397}.Release|x64.Build.0 = Release|x64
		{7AC12CD2-FFF3-4722-B624-546E57954397}.Release|x86.ActiveCfg = Release|Win32
		{7AC12CD2-FFF3-4722-B624-546E57954397}.Release|x86.Build.0 = Release|Win32
		{69356443-D362-4978-902F-C245A743A7EC}.Debug|x64.ActiveCfg = Debug|x64
		{69356443-D362-4978-902F-C245A743A7EC}.Debug|x64.Build.0 = Debug|x64
		{69356443-D362-4978-902F-C245A743A7EC}.Debug|x86.ActiveCfg = Debug|Win32
		{69356443-D362-4978-902F-C245A743A7EC}.Debug|x86.Build.0 = Debug|Win32
		{69356443-D362-4978-902F-C245A743A7EC}.Release|x64.ActiveCfg = Release|x64
		{69356443-D362-4978-902F-C245A743A7EC}.Release|x64.Build.0 = Release|x64
		{69356443-D362-4978-902F-C245A743A7EC}.Release|x86.ActiveCfg = Release|Win32
		{69356443-D362-4978-902F-C245A743A7EC}.Release|x86.Build.0 = Release|Win32
		{E7BCB06A-DD20-479D-849A-BEE670BBE9D4}.Debug|x64.ActiveCfg = Debug|x64
		{E7BCB06A-DD20-479D-849A-BEE670BBE9D4}.Debug|x64.Build.0 = Debug|x64
		{E7BCB06A-DD20-479D-849A-BEE670BBE9D4}.Debug|x86.ActiveCfg = Debug|Win32
		{E7BCB06A-DD20-479D-849A-BEE670BBE9D4}.Debug|x86.Build.0 = Debug|Win32
		{E7BCB06A-DD20-479D-849A-BEE670BBE9D4}.Release|x64.ActiveCfg = Release|x64
		{E7BCB06A-DD20-479D-849A-BEE670BBE9D4}.Release|x64.Build.0 = Release|x64
		{E7BCB06A-DD20-479D-849A-BEE670BBE9D4}.Release|x86.ActiveCfg = Release|Win32
		{E7BCB06A-DD20-479D-849A-BEE670BBE9D4}.Release|x86.Build.0 = Release|Win32
		{DBF9431D-A740-4A59-8971-60C5B8E7AB8A}.Debug|x64.ActiveCfg = Debug|x64
		{DBF9431D-A740-4A59-8971-60C5B8E7AB8A}.Debug|x64.Build.0 = Debug|x64
		{DBF9431D-A740-4A59-8971-60C5B8E7AB8A}.Debug|x86.ActiveCfg = Debug|Win32
		{DBF9431D-A740-4A59-8971-60C5B8E7AB8A}.Debug|x86.Build.0 = Debug|Win32
		{DBF9431D-A740-4A59-8971-60C5B8E7AB8A}.Release|x64.ActiveCfg = Release|x64
		{DBF9431D-A740-4A59-8971-60C5B8E7AB8A}.Release|x64.Build.0 = Release|x64
		{DBF9431D-A740-4A59-8971-60C5B8E7AB8A}.Release|x86.ActiveCfg = Release|Win32
		{DBF9431D-A740-4A59-8971-60C5B8E7AB8A}.Release|x86.Build.0 = Release|Win32
		{DB3106A6-2DC6-4266-AC71-12BA5F595811}.Debug|x64.ActiveCfg = Debug|x64
		{DB3106A6-2DC6-4266-AC71-12BA5F595811}.Debug|x64.Build.0 = Debug|x64
		{DB3106A6-2DC6-4266-AC71-12BA5F595811}.Debug|x86.ActiveCfg = Debug|Win32
		{DB3106A6-2DC6-4266-AC71-12BA5F595811}.Debug|x86.Build.0 = Debug|Win32
		{DB3106A6-2DC6-4266-AC71-12BA5F595811}.Release|x64.ActiveCfg = Release|x64
		{DB3106A6-2DC6-4266-AC71-12BA5F595811}.Release|x64.Build.0 = Release|x64
		{DB3106A6-2DC6-4266-AC71-12BA5F595811}.Release|x86.ActiveCfg = Release|Win32
		{DB3106A6-2DC6-4266-AC71-12BA5F595811}.Release|x86.Build.0 = Release|Win32
		{45492E00-4578-47A1-804E-D6860D34789C}.Debug|x64.ActiveCfg = Debug|x64
		{45492E00-4578-47A1-804E-D6860D34789C}.Debug|x64.Build.0 = Debug|x64
		{45492E00-4578-47A1-804E-D6860D34789C}.Debug|x86.ActiveCfg = Debug|Win32
		{45492E00-4578-47A1-804E-D6860D34789C}.Debug|x86.Build.0 = Debug|Win32
		{45492E00-4578-47A1-804E-D6860D34789C}.Release|x64.ActiveCfg = Release|x64
		{45492E00-4578-47A1-804E-D6860D34789C}.Release|x64.Build.0 = Release|x64
		{45492E00-4578-47A1-804E-D6860D34789C}.Release|x86.ActiveCfg = Release|Win32
		{45492E00-4578-47A1-804E-D6860D34789C}.Release|x86.Build.0 = Release|Win32
	EndGlobalSection
	GlobalSection(SolutionProperties) = preSolution
		HideSolutionNode = FALSE
	EndGlobalSection
	GlobalSection(ExtensibilityGlobals) = postSolution
		SolutionGuid = {BE3AF31E-3CBD-4777-931D-7396046AF629}
	EndGlobalSection
EndGlobal
