
Microsoft Visual Studio Solution File, Format Version 12.00
# Visual Studio 15
VisualStudioVersion = 15.0.27130.2036
MinimumVisualStudioVersion = 10.0.40219.1
Project("{8BC9CEB8-8B4A-11D0-8D11-00A0C91BC942}") = "PP01.HelloSDL", "PP01.HelloSDL\PP01.HelloSDL.vcxproj", "{87B4F451-ADA8-4867-8A68-C171FB76D325}"
EndProject
Project("{8BC9CEB8-8B4A-11D0-8D11-00A0C91BC942}") = "PP02.BreakUpHelloSDL", "PP02.BreakUpHelloSDL\PP02.BreakUpHelloSDL.vcxproj", "{DE27755E-EE10-41E0-8A04-AF9AF27C7838}"
EndProject
Global
	GlobalSection(SolutionConfigurationPlatforms) = preSolution
		Debug|x64 = Debug|x64
		Debug|x86 = Debug|x86
		Release|x64 = Release|x64
		Release|x86 = Release|x86
	EndGlobalSection
	GlobalSection(ProjectConfigurationPlatforms) = postSolution
		{87B4F451-ADA8-4867-8A68-C171FB76D325}.Debug|x64.ActiveCfg = Debug|x64
		{87B4F451-ADA8-4867-8A68-C171FB76D325}.Debug|x64.Build.0 = Debug|x64
		{87B4F451-ADA8-4867-8A68-C171FB76D325}.Debug|x86.ActiveCfg = Debug|Win32
		{87B4F451-ADA8-4867-8A68-C171FB76D325}.Debug|x86.Build.0 = Debug|Win32
		{87B4F451-ADA8-4867-8A68-C171FB76D325}.Release|x64.ActiveCfg = Release|x64
		{87B4F451-ADA8-4867-8A68-C171FB76D325}.Release|x64.Build.0 = Release|x64
		{87B4F451-ADA8-4867-8A68-C171FB76D325}.Release|x86.ActiveCfg = Release|Win32
		{87B4F451-ADA8-4867-8A68-C171FB76D325}.Release|x86.Build.0 = Release|Win32
		{DE27755E-EE10-41E0-8A04-AF9AF27C7838}.Debug|x64.ActiveCfg = Debug|x64
		{DE27755E-EE10-41E0-8A04-AF9AF27C7838}.Debug|x64.Build.0 = Debug|x64
		{DE27755E-EE10-41E0-8A04-AF9AF27C7838}.Debug|x86.ActiveCfg = Debug|Win32
		{DE27755E-EE10-41E0-8A04-AF9AF27C7838}.Debug|x86.Build.0 = Debug|Win32
		{DE27755E-EE10-41E0-8A04-AF9AF27C7838}.Release|x64.ActiveCfg = Release|x64
		{DE27755E-EE10-41E0-8A04-AF9AF27C7838}.Release|x64.Build.0 = Release|x64
		{DE27755E-EE10-41E0-8A04-AF9AF27C7838}.Release|x86.ActiveCfg = Release|Win32
		{DE27755E-EE10-41E0-8A04-AF9AF27C7838}.Release|x86.Build.0 = Release|Win32
	EndGlobalSection
	GlobalSection(SolutionProperties) = preSolution
		HideSolutionNode = FALSE
	EndGlobalSection
	GlobalSection(ExtensibilityGlobals) = postSolution
		SolutionGuid = {BE3AF31E-3CBD-4777-931D-7396046AF629}
	EndGlobalSection
EndGlobal
